
Microsoft Visual Studio Solution File, Format Version 12.00
# Visual Studio Version 17
VisualStudioVersion = 17.4.33213.308
MinimumVisualStudioVersion = 10.0.40219.1
Project("{9A19103F-16F7-4668-BE54-9A1E7A4F7556}") = "TwitterSampleApi", "TwitterSample\TwitterSampleApi.csproj", "{51EA6D01-B143-46CD-883E-9AAB5EC483FE}"
EndProject
Project("{9A19103F-16F7-4668-BE54-9A1E7A4F7556}") = "UnitTests", "UnitTests\UnitTests.csproj", "{F02C54E1-DE61-4B66-BD60-F0450D7D4C14}"
EndProject
Project("{9A19103F-16F7-4668-BE54-9A1E7A4F7556}") = "Frontend", "Frontend\Frontend.csproj", "{89B6FC63-2DEE-456B-8497-54BFE0F7CAA3}"
EndProject
Global
	GlobalSection(SolutionConfigurationPlatforms) = preSolution
		Debug|Any CPU = Debug|Any CPU
		Release|Any CPU = Release|Any CPU
	EndGlobalSection
	GlobalSection(ProjectConfigurationPlatforms) = postSolution
		{51EA6D01-B143-46CD-883E-9AAB5EC483FE}.Debug|Any CPU.ActiveCfg = Debug|Any CPU
		{51EA6D01-B143-46CD-883E-9AAB5EC483FE}.Debug|Any CPU.Build.0 = Debug|Any CPU
		{51EA6D01-B143-46CD-883E-9AAB5EC483FE}.Release|Any CPU.ActiveCfg = Release|Any CPU
		{51EA6D01-B143-46CD-883E-9AAB5EC483FE}.Release|Any CPU.Build.0 = Release|Any CPU
		{F02C54E1-DE61-4B66-BD60-F0450D7D4C14}.Debug|Any CPU.ActiveCfg = Debug|Any CPU
		{F02C54E1-DE61-4B66-BD60-F0450D7D4C14}.Debug|Any CPU.Build.0 = Debug|Any CPU
		{F02C54E1-DE61-4B66-BD60-F0450D7D4C14}.Release|Any CPU.ActiveCfg = Release|Any CPU
		{F02C54E1-DE61-4B66-BD60-F0450D7D4C14}.Release|Any CPU.Build.0 = Release|Any CPU
		{89B6FC63-2DEE-456B-8497-54BFE0F7CAA3}.Debug|Any CPU.ActiveCfg = Debug|Any CPU
		{89B6FC63-2DEE-456B-8497-54BFE0F7CAA3}.Debug|Any CPU.Build.0 = Debug|Any CPU
		{89B6FC63-2DEE-456B-8497-54BFE0F7CAA3}.Release|Any CPU.ActiveCfg = Release|Any CPU
		{89B6FC63-2DEE-456B-8497-54BFE0F7CAA3}.Release|Any CPU.Build.0 = Release|Any CPU
	EndGlobalSection
	GlobalSection(SolutionProperties) = preSolution
		HideSolutionNode = FALSE
	EndGlobalSection
	GlobalSection(ExtensibilityGlobals) = postSolution
		SolutionGuid = {F1FA9010-FA3F-466C-8369-4D8587FBF0E5}
	EndGlobalSection
EndGlobal
